# Auto-generated by scripts/gen_lockfile.py from pip --report.
# Do not edit by hand. Regenerate by running:
#   pip install --dry-run --report report.json --ignore-installed -e .
#   python scripts/gen_lockfile.py report.json requirements.lock

Flask==3.1.3 \
    --hash=sha256:f4bcbefc124291925f1a26446da31a5178f9483862233b23c0c96a20701f670c
Jinja2==3.1.6 \
    --hash=sha256:85ece4451f492d0c13c5dd7c13a64681a86afae63a5f347908daf103ce6d2f67
MarkupSafe==3.0.3 \
    --hash=sha256:de8a88e63464af587c950061a5e6a67d3632e36df62b986892331d4620a35c01
PyJWT==2.12.1 \
    --hash=sha256:28ca37c070cad8ba8cd9790cd940535d40274d22f80ab87f3ac6a713e6e8454c
Werkzeug==3.1.8 \
    --hash=sha256:63a77fb8892bf28ebc3178683445222aa500e48ebad5ec77b0ad80f8726b1f50
annotated-types==0.7.0 \
    --hash=sha256:1f02e8b43a8fbbc3f3e0d4f0f4bfc8131bcb4eebe8849b8e5c773f3a1c582a53
anyio==4.13.0 \
    --hash=sha256:08b310f9e24a9594186fd75b4f73f4a4152069e3853f1ed8bfbf58369f4ad708
attrs==26.1.0 \
    --hash=sha256:c647aa4a12dfbad9333ca4e71fe62ddc36f4e63b2d260a37a8b83d2f043ac309
beautifulsoup4==4.14.3 \
    --hash=sha256:0918bfe44902e6ad8d57732ba310582e98da931428d231a5ecb9e7c703a735bb
blinker==1.9.0 \
    --hash=sha256:ba0efaa9080b619ff2f3459d1d500c57bddea4a6b424b60a91141db6fd2f08bc
certifi==2026.4.22 \
    --hash=sha256:3cb2210c8f88ba2318d29b0388d1023c8492ff72ecdde4ebdaddbb13a31b1c4a
cffi==2.0.0 \
    --hash=sha256:66f011380d0e49ed280c789fbd08ff0d40968ee7b665575489afa95c98196ab5
click==8.3.3 \
    --hash=sha256:a2bf429bb3033c89fa4936ffb35d5cb471e3719e1f3c8a7c3fff0b8314305613
colorama==0.4.6 \
    --hash=sha256:4f1d9991f5acc0ca119f9d443620b77f9d6b33703e51011c16baf57afb285fc6
cryptography==48.0.0 \
    --hash=sha256:5b012212e08b8dd5edc78ef54da83dd9892fd9105323b3993eff6bea65dc21d7
et_xmlfile==2.0.0 \
    --hash=sha256:7a91720bc756843502c3b7504c77b8fe44217c85c537d85037f0f536151b2caa
h11==0.16.0 \
    --hash=sha256:63cf8bbe7522de3bf65932fda1d9c2772064ffb3dae62d55932da54b31cb6c86
httpcore==1.0.9 \
    --hash=sha256:2d400746a40668fc9dec9810239072b40b4484b640a8c38fd654a024c7a1bf55
httpx-sse==0.4.3 \
    --hash=sha256:0ac1c9fe3c0afad2e0ebb25a934a59f4c7823b60792691f779fad2c5568830fc
httpx==0.28.1 \
    --hash=sha256:d909fcccc110f8c7faf814ca82a9a4d816bc5a6dbfea25d6591d6985b8ba59ad
idna==3.11 \
    --hash=sha256:771a87f49d9defaf64091e6e6fe9c18d4833f140bd19464795bc32d966ca37ea
itsdangerous==2.2.0 \
    --hash=sha256:c6242fc49e35958c8b15141343aa660db5fc54d4f13a1db01a3f5891b98700ef
jsonschema-specifications==2025.9.1 \
    --hash=sha256:98802fee3a11ee76ecaca44429fda8a41bff98b00a0f2838151b113f210cc6fe
jsonschema==4.26.0 \
    --hash=sha256:d489f15263b8d200f8387e64b4c3a75f06629559fb73deb8fdfb525f2dab50ce
lxml==6.1.0 \
    --hash=sha256:183bfb45a493081943be7ea2b5adfc2b611e1cf377cefa8b8a8be404f45ef9a7
mcp==1.27.1 \
    --hash=sha256:1af3c4203b329430fde7a87b4fcb6392a041f5cb851fd68fc674016ab4e7c06f
numpy==2.4.4 \
    --hash=sha256:6bbe4eb67390b0a0265a2c25458f6b90a409d5d069f1041e6aff1e27e3d9a79e
openpyxl==3.1.5 \
    --hash=sha256:5282c12b107bffeef825f4617dc029afaf41d0ea60823bbb665ef3079dc79de2
pandas==3.0.2 \
    --hash=sha256:ed72cb3f45190874eb579c64fa92d9df74e98fd63e2be7f62bce5ace0ade61df
pycparser==3.0 \
    --hash=sha256:b727414169a36b7d524c1c3e31839a521725078d7b2ff038656844266160a992
pydantic-settings==2.14.1 \
    --hash=sha256:6e3c7edfd8277687cdc598f56e5cff0e9bfff0910a3749deaa8d4401c3a2b9de
pydantic==2.13.4 \
    --hash=sha256:45a282cde31d808236fd7ea9d919b128653c8b38b393d1c4ab335c62924d9aba
pydantic_core==2.46.4 \
    --hash=sha256:6f2eeda33a839975441c86a4119e1383c50b47faf0cbb5176985565c6bb02c33
python-dateutil==2.9.0.post0 \
    --hash=sha256:a8b2bc7bffae282281c8140a97d3aa9c14da0b136dfe83f850eea9a5f7470427
python-dotenv==1.2.2 \
    --hash=sha256:1d8214789a24de455a8b8bd8ae6fe3c6b69a5e3d64aa8a8e5d68e694bbcb285a
python-multipart==0.0.27 \
    --hash=sha256:6fccfad17a27334bd0193681b369f476eda3409f17381a2d65aa7df3f7275645
pywin32==311 \
    --hash=sha256:3ce80b34b22b17ccbd937a6e78e7225d80c52f5ab9940fe0506a1a16f3dab503
referencing==0.37.0 \
    --hash=sha256:381329a9f99628c9069361716891d34ad94af76e461dcb0335825aecc7692231
rpds-py==0.30.0 \
    --hash=sha256:a51033ff701fca756439d641c0ad09a41d9242fa69121c7d8769604a0a629825
six==1.17.0 \
    --hash=sha256:4721f391ed90541fddacab5acf947aa0d3dc7d27b2e1e8eda2be8970586c3274
soupsieve==2.8.3 \
    --hash=sha256:ed64f2ba4eebeab06cc4962affce381647455978ffc1e36bb79a545b91f45a95
sse-starlette==3.4.2 \
    --hash=sha256:6ea5d35b7ce979a3de5a0db5f77fe886b1616e4b3e1ad93fba502bd9b5fb662f
starlette==1.0.0 \
    --hash=sha256:d3ec55e0bb321692d275455ddfd3df75fff145d009685eb40dc91fc66b03d38b
tabulate==0.9.0 \
    --hash=sha256:024ca478df22e9340661486f85298cff5f6dcdba14f3813e8830015b9ed1948f
typing-inspection==0.4.2 \
    --hash=sha256:4ed1cacbdc298c220f1bd249ed5287caa16f34d44ef4e9c3d0cbad5b521545e7
typing_extensions==4.15.0 \
    --hash=sha256:f0fa19c6845758ab08074a0cfa8b7aecb71c999ca73d62883bc25cc018c4e548
tzdata==2026.2 \
    --hash=sha256:bbe9af844f658da81a5f95019480da3a89415801f6cc966806612cc7169bffe7
uvicorn==0.46.0 \
    --hash=sha256:bbebbcbed972d162afca128605223022bedd345b7bc7855ce66deb31487a9048
xlsxwriter==3.2.9 \
    --hash=sha256:9a5db42bc5dff014806c58a20b9eae7322a134abb6fce3c92c181bfb275ec5b3
